
Microsoft Visual Studio Solution File, Format Version 12.00
# Visual Studio Version 17
VisualStudioVersion = 17.8.34302.71
MinimumVisualStudioVersion = 10.0.40219.1
Project("{FAE04EC0-301F-11D3-BF4B-00C04F79EFBC}") = "Calculaor", "Calculaor.csproj", "{F77943FA-7A5F-4EF6-9346-56EB2702D30D}"
EndProject
Global
	GlobalSection(SolutionConfigurationPlatforms) = preSolution
		Debug|Any CPU = Debug|Any CPU
		Release|Any CPU = Release|Any CPU
	EndGlobalSection
	GlobalSection(ProjectConfigurationPlatforms) = postSolution
		{F77943FA-7A5F-4EF6-9346-56EB2702D30D}.Debug|Any CPU.ActiveCfg = Debug|Any CPU
		{F77943FA-7A5F-4EF6-9346-56EB2702D30D}.Debug|Any CPU.Build.0 = Debug|Any CPU
		{F77943FA-7A5F-4EF6-9346-56EB2702D30D}.Release|Any CPU.ActiveCfg = Release|Any CPU
		{F77943FA-7A5F-4EF6-9346-56EB2702D30D}.Release|Any CPU.Build.0 = Release|Any CPU
	EndGlobalSection
	GlobalSection(SolutionProperties) = preSolution
		HideSolutionNode = FALSE
	EndGlobalSection
	GlobalSection(ExtensibilityGlobals) = postSolution
		SolutionGuid = {48DBAF61-2ADB-4410-B3CE-45933F8FFA40}
	EndGlobalSection
EndGlobal
